{
  "name": "webbridge-monorepo",
  "lockfileVersion": 3,
  "requires": true,
  "packages": {
    "": {
      "name": "webbridge-monorepo",
      "workspaces": [
        "protocol",
        "js/webbridge"
      ]
    },
    "js/webbridge": {
      "name": "@omega/webbridge-js",
      "version": "1.0.0",
      "dependencies": {
        "@omega/webbridge-protocol": "1.0.0"
      },
      "devDependencies": {
        "typescript": "^5.5.0"
      }
    },
    "node_modules/@omega/webbridge-js": {
      "resolved": "js/webbridge",
      "link": true
    },
    "node_modules/@omega/webbridge-protocol": {
      "resolved": "protocol",
      "link": true
    },
    "node_modules/typescript": {
      "version": "5.9.3",
      "resolved": "https://registry.npmjs.org/typescript/-/typescript-5.9.3.tgz",
      "integrity": "sha512-jl1vZzPDinLr9eUt3J/t7V6FgNEw9QjvBPdysz9KfQDD41fQrC2Y4vKQdiaUpFT4bXlb1RHhLpp8wtm6M5TgSw==",
      "dev": true,
      "license": "Apache-2.0",
      "bin": {
        "tsc": "bin/tsc",
        "tsserver": "bin/tsserver"
      },
      "engines": {
        "node": ">=14.17"
      }
    },
    "protocol": {
      "name": "@omega/webbridge-protocol",
      "version": "1.0.0",
      "devDependencies": {
        "typescript": "^5.5.0"
      }
    }
  }
}
